
Microsoft Visual Studio Solution File, Format Version 12.00
# Visual Studio Version 17
VisualStudioVersion = 17.10.34928.147
MinimumVisualStudioVersion = 10.0.40219.1
Project("{FAE04EC0-301F-11D3-BF4B-00C04F79EFBC}") = "WebApplication1", "WebApplication1.csproj", "{F40422C0-1D41-4517-ADFF-1320ECBC20DC}"
EndProject
Global
	GlobalSection(SolutionConfigurationPlatforms) = preSolution
		Debug|Any CPU = Debug|Any CPU
		Release|Any CPU = Release|Any CPU
	EndGlobalSection
	GlobalSection(ProjectConfigurationPlatforms) = postSolution
		{F40422C0-1D41-4517-ADFF-1320ECBC20DC}.Debug|Any CPU.ActiveCfg = Debug|Any CPU
		{F40422C0-1D41-4517-ADFF-1320ECBC20DC}.Debug|Any CPU.Build.0 = Debug|Any CPU
		{F40422C0-1D41-4517-ADFF-1320ECBC20DC}.Release|Any CPU.ActiveCfg = Release|Any CPU
		{F40422C0-1D41-4517-ADFF-1320ECBC20DC}.Release|Any CPU.Build.0 = Release|Any CPU
	EndGlobalSection
	GlobalSection(SolutionProperties) = preSolution
		HideSolutionNode = FALSE
	EndGlobalSection
	GlobalSection(ExtensibilityGlobals) = postSolution
		SolutionGuid = {CB57D147-D88E-4CEB-91DE-98F9AC67F484}
	EndGlobalSection
EndGlobal
